
Microsoft Visual Studio Solution File, Format Version 12.00
# Visual Studio 2015
Project("{FAE04EC0-301F-11D3-BF4B-00C04F79EFBC}") = "Plural", "Plural.csproj", "{2277F77F-1962-B657-BFC1-E647D22D93A0}"
EndProject
Project("{FAE04EC0-301F-11D3-BF4B-00C04F79EFBC}") = "Plural.Editor", "Plural.Editor.csproj", "{3B42F1CC-3741-4FDC-985C-43E844155CD7}"
EndProject
Global
	GlobalSection(SolutionConfigurationPlatforms) = preSolution
		Debug|Any CPU = Debug|Any CPU
		Release|Any CPU = Release|Any CPU
	EndGlobalSection
	GlobalSection(ProjectConfigurationPlatforms) = postSolution
		{2277F77F-1962-B657-BFC1-E647D22D93A0}.Debug|Any CPU.ActiveCfg = Debug|Any CPU
		{2277F77F-1962-B657-BFC1-E647D22D93A0}.Debug|Any CPU.Build.0 = Debug|Any CPU
		{2277F77F-1962-B657-BFC1-E647D22D93A0}.Release|Any CPU.ActiveCfg = Release|Any CPU
		{2277F77F-1962-B657-BFC1-E647D22D93A0}.Release|Any CPU.Build.0 = Release|Any CPU
		{3B42F1CC-3741-4FDC-985C-43E844155CD7}.Debug|Any CPU.ActiveCfg = Debug|Any CPU
		{3B42F1CC-3741-4FDC-985C-43E844155CD7}.Debug|Any CPU.Build.0 = Debug|Any CPU
		{3B42F1CC-3741-4FDC-985C-43E844155CD7}.Release|Any CPU.ActiveCfg = Release|Any CPU
		{3B42F1CC-3741-4FDC-985C-43E844155CD7}.Release|Any CPU.Build.0 = Release|Any CPU
	EndGlobalSection
	GlobalSection(SolutionProperties) = preSolution
		HideSolutionNode = FALSE
	EndGlobalSection
EndGlobal
